
Microsoft Visual Studio Solution File, Format Version 12.00
# Visual Studio 2013
VisualStudioVersion = 12.0.31101.0
MinimumVisualStudioVersion = 10.0.40219.1
Project("{FAE04EC0-301F-11D3-BF4B-00C04F79EFBC}") = "FBModbusTest", "FBModbusTest\FBModbusTest.csproj", "{2E73347E-9FE8-49F0-AC37-FDE171F40B1C}"
EndProject
Project("{FAE04EC0-301F-11D3-BF4B-00C04F79EFBC}") = "ConsoleApplication1", "ConsoleApplication1\ConsoleApplication1.csproj", "{CCBD2549-1DE8-4231-8D45-3F43575A77D8}"
EndProject
Project("{FAE04EC0-301F-11D3-BF4B-00C04F79EFBC}") = "ModbusSurvey", "ModbusDloat\ModbusSurvey.csproj", "{B74C963C-6475-48CD-A58C-43ECA92FA8EE}"
EndProject
Global
	GlobalSection(SolutionConfigurationPlatforms) = preSolution
		Debug|Any CPU = Debug|Any CPU
		Release|Any CPU = Release|Any CPU
	EndGlobalSection
	GlobalSection(ProjectConfigurationPlatforms) = postSolution
		{2E73347E-9FE8-49F0-AC37-FDE171F40B1C}.Debug|Any CPU.ActiveCfg = Debug|Any CPU
		{2E73347E-9FE8-49F0-AC37-FDE171F40B1C}.Debug|Any CPU.Build.0 = Debug|Any CPU
		{2E73347E-9FE8-49F0-AC37-FDE171F40B1C}.Release|Any CPU.ActiveCfg = Release|Any CPU
		{2E73347E-9FE8-49F0-AC37-FDE171F40B1C}.Release|Any CPU.Build.0 = Release|Any CPU
		{CCBD2549-1DE8-4231-8D45-3F43575A77D8}.Debug|Any CPU.ActiveCfg = Debug|Any CPU
		{CCBD2549-1DE8-4231-8D45-3F43575A77D8}.Debug|Any CPU.Build.0 = Debug|Any CPU
		{CCBD2549-1DE8-4231-8D45-3F43575A77D8}.Release|Any CPU.ActiveCfg = Release|Any CPU
		{CCBD2549-1DE8-4231-8D45-3F43575A77D8}.Release|Any CPU.Build.0 = Release|Any CPU
		{B74C963C-6475-48CD-A58C-43ECA92FA8EE}.Debug|Any CPU.ActiveCfg = Debug|Any CPU
		{B74C963C-6475-48CD-A58C-43ECA92FA8EE}.Debug|Any CPU.Build.0 = Debug|Any CPU
		{B74C963C-6475-48CD-A58C-43ECA92FA8EE}.Release|Any CPU.ActiveCfg = Release|Any CPU
		{B74C963C-6475-48CD-A58C-43ECA92FA8EE}.Release|Any CPU.Build.0 = Release|Any CPU
	EndGlobalSection
	GlobalSection(SolutionProperties) = preSolution
		HideSolutionNode = FALSE
	EndGlobalSection
EndGlobal
